
Microsoft Visual Studio Solution File, Format Version 12.00
# Visual Studio Version 16
VisualStudioVersion = 16.0.31424.327
MinimumVisualStudioVersion = 10.0.40219.1
Project("{FAE04EC0-301F-11D3-BF4B-00C04F79EFBC}") = "LinqProject", "LinqProject\LinqProject.csproj", "{9669B8D6-11D5-4B3E-ADF3-27137B1BC75B}"
EndProject
Global
	GlobalSection(SolutionConfigurationPlatforms) = preSolution
		Debug|Any CPU = Debug|Any CPU
		Release|Any CPU = Release|Any CPU
	EndGlobalSection
	GlobalSection(ProjectConfigurationPlatforms) = postSolution
		{9669B8D6-11D5-4B3E-ADF3-27137B1BC75B}.Debug|Any CPU.ActiveCfg = Debug|Any CPU
		{9669B8D6-11D5-4B3E-ADF3-27137B1BC75B}.Debug|Any CPU.Build.0 = Debug|Any CPU
		{9669B8D6-11D5-4B3E-ADF3-27137B1BC75B}.Release|Any CPU.ActiveCfg = Release|Any CPU
		{9669B8D6-11D5-4B3E-ADF3-27137B1BC75B}.Release|Any CPU.Build.0 = Release|Any CPU
	EndGlobalSection
	GlobalSection(SolutionProperties) = preSolution
		HideSolutionNode = FALSE
	EndGlobalSection
	GlobalSection(ExtensibilityGlobals) = postSolution
		SolutionGuid = {EB751C86-9A2E-4730-8454-CECE41E7E8CC}
	EndGlobalSection
EndGlobal
