
Microsoft Visual Studio Solution File, Format Version 12.00
# Visual Studio Version 16
VisualStudioVersion = 16.0.31424.327
MinimumVisualStudioVersion = 10.0.40219.1
Project("{FAE04EC0-301F-11D3-BF4B-00C04F79EFBC}") = "OOP1", "OOP1\OOP1.csproj", "{8F5F5D9E-C8B0-4B2D-94E4-42FA05EAF56C}"
EndProject
Project("{FAE04EC0-301F-11D3-BF4B-00C04F79EFBC}") = "Collections", "Collections\Collections.csproj", "{A5A05112-D663-41F5-A3F8-7F6455F660AD}"
EndProject
Project("{FAE04EC0-301F-11D3-BF4B-00C04F79EFBC}") = "GenericsIntro", "GenericsIntro\GenericsIntro.csproj", "{6F76003F-3EBC-4CB1-A952-B514AAC38210}"
EndProject
Global
	GlobalSection(SolutionConfigurationPlatforms) = preSolution
		Debug|Any CPU = Debug|Any CPU
		Release|Any CPU = Release|Any CPU
	EndGlobalSection
	GlobalSection(ProjectConfigurationPlatforms) = postSolution
		{8F5F5D9E-C8B0-4B2D-94E4-42FA05EAF56C}.Debug|Any CPU.ActiveCfg = Debug|Any CPU
		{8F5F5D9E-C8B0-4B2D-94E4-42FA05EAF56C}.Debug|Any CPU.Build.0 = Debug|Any CPU
		{8F5F5D9E-C8B0-4B2D-94E4-42FA05EAF56C}.Release|Any CPU.ActiveCfg = Release|Any CPU
		{8F5F5D9E-C8B0-4B2D-94E4-42FA05EAF56C}.Release|Any CPU.Build.0 = Release|Any CPU
		{A5A05112-D663-41F5-A3F8-7F6455F660AD}.Debug|Any CPU.ActiveCfg = Debug|Any CPU
		{A5A05112-D663-41F5-A3F8-7F6455F660AD}.Debug|Any CPU.Build.0 = Debug|Any CPU
		{A5A05112-D663-41F5-A3F8-7F6455F660AD}.Release|Any CPU.ActiveCfg = Release|Any CPU
		{A5A05112-D663-41F5-A3F8-7F6455F660AD}.Release|Any CPU.Build.0 = Release|Any CPU
		{6F76003F-3EBC-4CB1-A952-B514AAC38210}.Debug|Any CPU.ActiveCfg = Debug|Any CPU
		{6F76003F-3EBC-4CB1-A952-B514AAC38210}.Debug|Any CPU.Build.0 = Debug|Any CPU
		{6F76003F-3EBC-4CB1-A952-B514AAC38210}.Release|Any CPU.ActiveCfg = Release|Any CPU
		{6F76003F-3EBC-4CB1-A952-B514AAC38210}.Release|Any CPU.Build.0 = Release|Any CPU
	EndGlobalSection
	GlobalSection(SolutionProperties) = preSolution
		HideSolutionNode = FALSE
	EndGlobalSection
	GlobalSection(ExtensibilityGlobals) = postSolution
		SolutionGuid = {165132F4-6448-4A69-966F-3EB65391F64A}
	EndGlobalSection
EndGlobal
